// !$*UTF8*$!
{
	archiveVersion = 1;
	classes = {
	};
	objectVersion = 46;
	objects = {

/* Begin PBXBuildFile section */
		D105FC581834E212005E9C63 /* Foundation.framework in Frameworks */ = {isa = PBXBuildFile; fileRef = D105FC571834E212005E9C63 /* Foundation.framework */; };
		D105FC5A1834E212005E9C63 /* CoreGraphics.framework in Frameworks */ = {isa = PBXBuildFile; fileRef = D105FC591834E212005E9C63 /* CoreGraphics.framework */; };
		D105FC5C1834E212005E9C63 /* UIKit.framework in Frameworks */ = {isa = PBXBuildFile; fileRef = D105FC5B1834E212005E9C63 /* UIKit.framework */; };
		D105FC621834E212005E9C63 /* InfoPlist.strings in Resources */ = {isa = PBXBuildFile; fileRef = D105FC601834E212005E9C63 /* InfoPlist.strings */; };
		D105FC641834E212005E9C63 /* main.m in Sources */ = {isa = PBXBuildFile; fileRef = D105FC631834E212005E9C63 /* main.m */; };
		D105FC681834E212005E9C63 /* CCAppDelegate.m in Sources */ = {isa = PBXBuildFile; fileRef = D105FC671834E212005E9C63 /* CCAppDelegate.m */; };
		D105FC6B1834E212005E9C63 /* Main.storyboard in Resources */ = {isa = PBXBuildFile; fileRef = D105FC691834E212005E9C63 /* Main.storyboard */; };
		D105FC6E1834E212005E9C63 /* CCViewController.m in Sources */ = {isa = PBXBuildFile; fileRef = D105FC6D1834E212005E9C63 /* CCViewController.m */; };
		D105FC701834E212005E9C63 /* Images.xcassets in Resources */ = {isa = PBXBuildFile; fileRef = D105FC6F1834E212005E9C63 /* Images.xcassets */; };
		D105FC771834E212005E9C63 /* XCTest.framework in Frameworks */ = {isa = PBXBuildFile; fileRef = D105FC761834E212005E9C63 /* XCTest.framework */; };
		D105FC781834E212005E9C63 /* Foundation.framework in Frameworks */ = {isa = PBXBuildFile; fileRef = D105FC571834E212005E9C63 /* Foundation.framework */; };
		D105FC791834E212005E9C63 /* UIKit.framework in Frameworks */ = {isa = PBXBuildFile; fileRef = D105FC5B1834E212005E9C63 /* UIKit.framework */; };
		D105FC811834E212005E9C63 /* InfoPlist.strings in Resources */ = {isa = PBXBuildFile; fileRef = D105FC7F1834E212005E9C63 /* InfoPlist.strings */; };
		D105FC831834E212005E9C63 /* UITableViewController_Challenge_SolutionTests.m in Sources */ = {isa = PBXBuildFile; fileRef = D105FC821834E212005E9C63 /* UITableViewController_Challenge_SolutionTests.m */; };
/* End PBXBuildFile section */

/* Begin PBXContainerItemProxy section */
		D105FC7A1834E212005E9C63 /* PBXContainerItemProxy */ = {
			isa = PBXContainerItemProxy;
			containerPortal = D105FC4C1834E212005E9C63 /* Project object */;
			proxyType = 1;
			remoteGlobalIDString = D105FC531834E212005E9C63;
			remoteInfo = "UITableViewController Challenge Solution";
		};
/* End PBXContainerItemProxy section */

/* Begin PBXFileReference section */
		D105FC541834E212005E9C63 /* UITableViewController Challenge Solution.app */ = {isa = PBXFileReference; explicitFileType = wrapper.application; includeInIndex = 0; path = "UITableViewController Challenge Solution.app"; sourceTree = BUILT_PRODUCTS_DIR; };
		D105FC571834E212005E9C63 /* Foundation.framework */ = {isa = PBXFileReference; lastKnownFileType = wrapper.framework; name = Foundation.framework; path = System/Library/Frameworks/Foundation.framework; sourceTree = SDKROOT; };
		D105FC591834E212005E9C63 /* CoreGraphics.framework */ = {isa = PBXFileReference; lastKnownFileType = wrapper.framework; name = CoreGraphics.framework; path = System/Library/Frameworks/CoreGraphics.framework; sourceTree = SDKROOT; };
		D105FC5B1834E212005E9C63 /* UIKit.framework */ = {isa = PBXFileReference; lastKnownFileType = wrapper.framework; name = UIKit.framework; path = System/Library/Frameworks/UIKit.framework; sourceTree = SDKROOT; };
		D105FC5F1834E212005E9C63 /* UITableViewController Challenge Solution-Info.plist */ = {isa = PBXFileReference; lastKnownFileType = text.plist.xml; path = "UITableViewController Challenge Solution-Info.plist"; sourceTree = "<group>"; };
		D105FC611834E212005E9C63 /* en */ = {isa = PBXFileReference; lastKnownFileType = text.plist.strings; name = en; path = en.lproj/InfoPlist.strings; sourceTree = "<group>"; };
		D105FC631834E212005E9C63 /* main.m */ = {isa = PBXFileReference; lastKnownFileType = sourcecode.c.objc; path = main.m; sourceTree = "<group>"; };
		D105FC651834E212005E9C63 /* UITableViewController Challenge Solution-Prefix.pch */ = {isa = PBXFileReference; lastKnownFileType = sourcecode.c.h; path = "UITableViewController Challenge Solution-Prefix.pch"; sourceTree = "<group>"; };
		D105FC661834E212005E9C63 /* CCAppDelegate.h */ = {isa = PBXFileReference; lastKnownFileType = sourcecode.c.h; path = CCAppDelegate.h; sourceTree = "<group>"; };
		D105FC671834E212005E9C63 /* CCAppDelegate.m */ = {isa = PBXFileReference; lastKnownFileType = sourcecode.c.objc; path = CCAppDelegate.m; sourceTree = "<group>"; };
		D105FC6A1834E212005E9C63 /* Base */ = {isa = PBXFileReference; lastKnownFileType = file.storyboard; name = Base; path = Base.lproj/Main.storyboard; sourceTree = "<group>"; };
		D105FC6C1834E212005E9C63 /* CCViewController.h */ = {isa = PBXFileReference; lastKnownFileType = sourcecode.c.h; path = CCViewController.h; sourceTree = "<group>"; };
		D105FC6D1834E212005E9C63 /* CCViewController.m */ = {isa = PBXFileReference; lastKnownFileType = sourcecode.c.objc; path = CCViewController.m; sourceTree = "<group>"; };
		D105FC6F1834E212005E9C63 /* Images.xcassets */ = {isa = PBXFileReference; lastKnownFileType = folder.assetcatalog; path = Images.xcassets; sourceTree = "<group>"; };
		D105FC751834E212005E9C63 /* UITableViewController Challenge SolutionTests.xctest */ = {isa = PBXFileReference; explicitFileType = wrapper.cfbundle; includeInIndex = 0; path = "UITableViewController Challenge SolutionTests.xctest"; sourceTree = BUILT_PRODUCTS_DIR; };
		D105FC761834E212005E9C63 /* XCTest.framework */ = {isa = PBXFileReference; lastKnownFileType = wrapper.framework; name = XCTest.framework; path = Library/Frameworks/XCTest.framework; sourceTree = DEVELOPER_DIR; };
		D105FC7E1834E212005E9C63 /* UITableViewController Challenge SolutionTests-Info.plist */ = {isa = PBXFileReference; lastKnownFileType = text.plist.xml; path = "UITableViewController Challenge SolutionTests-Info.plist"; sourceTree = "<group>"; };
		D105FC801834E212005E9C63 /* en */ = {isa = PBXFileReference; lastKnownFileType = text.plist.strings; name = en; path = en.lproj/InfoPlist.strings; sourceTree = "<group>"; };
		D105FC821834E212005E9C63 /* UITableViewController_Challenge_SolutionTests.m */ = {isa = PBXFileReference; lastKnownFileType = sourcecode.c.objc; path = UITableViewController_Challenge_SolutionTests.m; sourceTree = "<group>"; };
/* End PBXFileReference section */

/* Begin PBXFrameworksBuildPhase section */
		D105FC511834E212005E9C63 /* Frameworks */ = {
			isa = PBXFrameworksBuildPhase;
			buildActionMask = 2147483647;
			files = (
				D105FC5A1834E212005E9C63 /* CoreGraphics.framework in Frameworks */,
				D105FC5C1834E212005E9C63 /* UIKit.framework in Frameworks */,
				D105FC581834E212005E9C63 /* Foundation.framework in Frameworks */,
			);
			runOnlyForDeploymentPostprocessing = 0;
		};
		D105FC721834E212005E9C63 /* Frameworks */ = {
			isa = PBXFrameworksBuildPhase;
			buildActionMask = 2147483647;
			files = (
				D105FC771834E212005E9C63 /* XCTest.framework in Frameworks */,
				D105FC791834E212005E9C63 /* UIKit.framework in Frameworks */,
				D105FC781834E212005E9C63 /* Foundation.framework in Frameworks */,
			);
			runOnlyForDeploymentPostprocessing = 0;
		};
/* End PBXFrameworksBuildPhase section */

/* Begin PBXGroup section */
		D105FC4B1834E212005E9C63 = {
			isa = PBXGroup;
			children = (
				D105FC5D1834E212005E9C63 /* UITableViewController Challenge Solution */,
				D105FC7C1834E212005E9C63 /* UITableViewController Challenge SolutionTests */,
				D105FC561834E212005E9C63 /* Frameworks */,
				D105FC551834E212005E9C63 /* Products */,
			);
			sourceTree = "<group>";
		};
		D105FC551834E212005E9C63 /* Products */ = {
			isa = PBXGroup;
			children = (
				D105FC541834E212005E9C63 /* UITableViewController Challenge Solution.app */,
				D105FC751834E212005E9C63 /* UITableViewController Challenge SolutionTests.xctest */,
			);
			name = Products;
			sourceTree = "<group>";
		};
		D105FC561834E212005E9C63 /* Frameworks */ = {
			isa = PBXGroup;
			children = (
				D105FC571834E212005E9C63 /* Foundation.framework */,
				D105FC591834E212005E9C63 /* CoreGraphics.framework */,
				D105FC5B1834E212005E9C63 /* UIKit.framework */,
				D105FC761834E212005E9C63 /* XCTest.framework */,
			);
			name = Frameworks;
			sourceTree = "<group>";
		};
		D105FC5D1834E212005E9C63 /* UITableViewController Challenge Solution */ = {
			isa = PBXGroup;
			children = (
				D105FC661834E212005E9C63 /* CCAppDelegate.h */,
				D105FC671834E212005E9C63 /* CCAppDelegate.m */,
				D105FC691834E212005E9C63 /* Main.storyboard */,
				D105FC6C1834E212005E9C63 /* CCViewController.h */,
				D105FC6D1834E212005E9C63 /* CCViewController.m */,
				D105FC6F1834E212005E9C63 /* Images.xcassets */,
				D105FC5E1834E212005E9C63 /* Supporting Files */,
			);
			path = "UITableViewController Challenge Solution";
			sourceTree = "<group>";
		};
		D105FC5E1834E212005E9C63 /* Supporting Files */ = {
			isa = PBXGroup;
			children = (
				D105FC5F1834E212005E9C63 /* UITableViewController Challenge Solution-Info.plist */,
				D105FC601834E212005E9C63 /* InfoPlist.strings */,
				D105FC631834E212005E9C63 /* main.m */,
				D105FC651834E212005E9C63 /* UITableViewController Challenge Solution-Prefix.pch */,
			);
			name = "Supporting Files";
			sourceTree = "<group>";
		};
		D105FC7C1834E212005E9C63 /* UITableViewController Challenge SolutionTests */ = {
			isa = PBXGroup;
			children = (
				D105FC821834E212005E9C63 /* UITableViewController_Challenge_SolutionTests.m */,
				D105FC7D1834E212005E9C63 /* Supporting Files */,
			);
			path = "UITableViewController Challenge SolutionTests";
			sourceTree = "<group>";
		};
		D105FC7D1834E212005E9C63 /* Supporting Files */ = {
			isa = PBXGroup;
			children = (
				D105FC7E1834E212005E9C63 /* UITableViewController Challenge SolutionTests-Info.plist */,
				D105FC7F1834E212005E9C63 /* InfoPlist.strings */,
			);
			name = "Supporting Files";
			sourceTree = "<group>";
		};
/* End PBXGroup section */

/* Begin PBXNativeTarget section */
		D105FC531834E212005E9C63 /* UITableViewController Challenge Solution */ = {
			isa = PBXNativeTarget;
			buildConfigurationList = D105FC861834E212005E9C63 /* Build configuration list for PBXNativeTarget "UITableViewController Challenge Solution" */;
			buildPhases = (
				D105FC501834E212005E9C63 /* Sources */,
				D105FC511834E212005E9C63 /* Frameworks */,
				D105FC521834E212005E9C63 /* Resources */,
			);
			buildRules = (
			);
			dependencies = (
			);
			name = "UITableViewController Challenge Solution";
			productName = "UITableViewController Challenge Solution";
			productReference = D105FC541834E212005E9C63 /* UITableViewController Challenge Solution.app */;
			productType = "com.apple.product-type.application";
		};
		D105FC741834E212005E9C63 /* UITableViewController Challenge SolutionTests */ = {
			isa = PBXNativeTarget;
			buildConfigurationList = D105FC891834E212005E9C63 /* Build configuration list for PBXNativeTarget "UITableViewController Challenge SolutionTests" */;
			buildPhases = (
				D105FC711834E212005E9C63 /* Sources */,
				D105FC721834E212005E9C63 /* Frameworks */,
				D105FC731834E212005E9C63 /* Resources */,
			);
			buildRules = (
			);
			dependencies = (
				D105FC7B1834E212005E9C63 /* PBXTargetDependency */,
			);
			name = "UITableViewController Challenge SolutionTests";
			productName = "UITableViewController Challenge SolutionTests";
			productReference = D105FC751834E212005E9C63 /* UITableViewController Challenge SolutionTests.xctest */;
			productType = "com.apple.product-type.bundle.unit-test";
		};
/* End PBXNativeTarget section */

/* Begin PBXProject section */
		D105FC4C1834E212005E9C63 /* Project object */ = {
			isa = PBXProject;
			attributes = {
				CLASSPREFIX = CC;
				LastUpgradeCheck = 0500;
				ORGANIZATIONNAME = "Kevin Doherty";
				TargetAttributes = {
					D105FC741834E212005E9C63 = {
						TestTargetID = D105FC531834E212005E9C63;
					};
				};
			};
			buildConfigurationList = D105FC4F1834E212005E9C63 /* Build configuration list for PBXProject "UITableViewController Challenge Solution" */;
			compatibilityVersion = "Xcode 3.2";
			developmentRegion = English;
			hasScannedForEncodings = 0;
			knownRegions = (
				en,
				Base,
			);
			mainGroup = D105FC4B1834E212005E9C63;
			productRefGroup = D105FC551834E212005E9C63 /* Products */;
			projectDirPath = "";
			projectRoot = "";
			targets = (
				D105FC531834E212005E9C63 /* UITableViewController Challenge Solution */,
				D105FC741834E212005E9C63 /* UITableViewController Challenge SolutionTests */,
			);
		};
/* End PBXProject section */

/* Begin PBXResourcesBuildPhase section */
		D105FC521834E212005E9C63 /* Resources */ = {
			isa = PBXResourcesBuildPhase;
			buildActionMask = 2147483647;
			files = (
				D105FC701834E212005E9C63 /* Images.xcassets in Resources */,
				D105FC621834E212005E9C63 /* InfoPlist.strings in Resources */,
				D105FC6B1834E212005E9C63 /* Main.storyboard in Resources */,
			);
			runOnlyForDeploymentPostprocessing = 0;
		};
		D105FC731834E212005E9C63 /* Resources */ = {
			isa = PBXResourcesBuildPhase;
			buildActionMask = 2147483647;
			files = (
				D105FC811834E212005E9C63 /* InfoPlist.strings in Resources */,
			);
			runOnlyForDeploymentPostprocessing = 0;
		};
/* End PBXResourcesBuildPhase section */

/* Begin PBXSourcesBuildPhase section */
		D105FC501834E212005E9C63 /* Sources */ = {
			isa = PBXSourcesBuildPhase;
			buildActionMask = 2147483647;
			files = (
				D105FC681834E212005E9C63 /* CCAppDelegate.m in Sources */,
				D105FC641834E212005E9C63 /* main.m in Sources */,
				D105FC6E1834E212005E9C63 /* CCViewController.m in Sources */,
			);
			runOnlyForDeploymentPostprocessing = 0;
		};
		D105FC711834E212005E9C63 /* Sources */ = {
			isa = PBXSourcesBuildPhase;
			buildActionMask = 2147483647;
			files = (
				D105FC831834E212005E9C63 /* UITableViewController_Challenge_SolutionTests.m in Sources */,
			);
			runOnlyForDeploymentPostprocessing = 0;
		};
/* End PBXSourcesBuildPhase section */

/* Begin PBXTargetDependency section */
		D105FC7B1834E212005E9C63 /* PBXTargetDependency */ = {
			isa = PBXTargetDependency;
			target = D105FC531834E212005E9C63 /* UITableViewController Challenge Solution */;
			targetProxy = D105FC7A1834E212005E9C63 /* PBXContainerItemProxy */;
		};
/* End PBXTargetDependency section */

/* Begin PBXVariantGroup section */
		D105FC601834E212005E9C63 /* InfoPlist.strings */ = {
			isa = PBXVariantGroup;
			children = (
				D105FC611834E212005E9C63 /* en */,
			);
			name = InfoPlist.strings;
			sourceTree = "<group>";
		};
		D105FC691834E212005E9C63 /* Main.storyboard */ = {
			isa = PBXVariantGroup;
			children = (
				D105FC6A1834E212005E9C63 /* Base */,
			);
			name = Main.storyboard;
			sourceTree = "<group>";
		};
		D105FC7F1834E212005E9C63 /* InfoPlist.strings */ = {
			isa = PBXVariantGroup;
			children = (
				D105FC801834E212005E9C63 /* en */,
			);
			name = InfoPlist.strings;
			sourceTree = "<group>";
		};
/* End PBXVariantGroup section */

/* Begin XCBuildConfiguration section */
		D105FC841834E212005E9C63 /* Debug */ = {
			isa = XCBuildConfiguration;
			buildSettings = {
				ALWAYS_SEARCH_USER_PATHS = NO;
				ARCHS = "$(ARCHS_STANDARD_INCLUDING_64_BIT)";
				CLANG_CXX_LANGUAGE_STANDARD = "gnu++0x";
				CLANG_CXX_LIBRARY = "libc++";
				CLANG_ENABLE_MODULES = YES;
				CLANG_ENABLE_OBJC_ARC = YES;
				CLANG_WARN_BOOL_CONVERSION = YES;
				CLANG_WARN_CONSTANT_CONVERSION = YES;
				CLANG_WARN_DIRECT_OBJC_ISA_USAGE = YES_ERROR;
				CLANG_WARN_EMPTY_BODY = YES;
				CLANG_WARN_ENUM_CONVERSION = YES;
				CLANG_WARN_INT_CONVERSION = YES;
				CLANG_WARN_OBJC_ROOT_CLASS = YES_ERROR;
				CLANG_WARN__DUPLICATE_METHOD_MATCH = YES;
				"CODE_SIGN_IDENTITY[sdk=iphoneos*]" = "iPhone Developer";
				COPY_PHASE_STRIP = NO;
				GCC_C_LANGUAGE_STANDARD = gnu99;
				GCC_DYNAMIC_NO_PIC = NO;
				GCC_OPTIMIZATION_LEVEL = 0;
				GCC_PREPROCESSOR_DEFINITIONS = (
					"DEBUG=1",
					"$(inherited)",
				);
				GCC_SYMBOLS_PRIVATE_EXTERN = NO;
				GCC_WARN_64_TO_32_BIT_CONVERSION = YES;
				GCC_WARN_ABOUT_RETURN_TYPE = YES_ERROR;
				GCC_WARN_UNDECLARED_SELECTOR = YES;
				GCC_WARN_UNINITIALIZED_AUTOS = YES;
				GCC_WARN_UNUSED_FUNCTION = YES;
				GCC_WARN_UNUSED_VARIABLE = YES;
				IPHONEOS_DEPLOYMENT_TARGET = 7.0;
				ONLY_ACTIVE_ARCH = YES;
				SDKROOT = iphoneos;
			};
			name = Debug;
		};
		D105FC851834E212005E9C63 /* Release */ = {
			isa = XCBuildConfiguration;
			buildSettings = {
				ALWAYS_SEARCH_USER_PATHS = NO;
				ARCHS = "$(ARCHS_STANDARD_INCLUDING_64_BIT)";
				CLANG_CXX_LANGUAGE_STANDARD = "gnu++0x";
				CLANG_CXX_LIBRARY = "libc++";
				CLANG_ENABLE_MODULES = YES;
				CLANG_ENABLE_OBJC_ARC = YES;
				CLANG_WARN_BOOL_CONVERSION = YES;
				CLANG_WARN_CONSTANT_CONVERSION = YES;
				CLANG_WARN_DIRECT_OBJC_ISA_USAGE = YES_ERROR;
				CLANG_WARN_EMPTY_BODY = YES;
				CLANG_WARN_ENUM_CONVERSION = YES;
				CLANG_WARN_INT_CONVERSION = YES;
				CLANG_WARN_OBJC_ROOT_CLASS = YES_ERROR;
				CLANG_WARN__DUPLICATE_METHOD_MATCH = YES;
				"CODE_SIGN_IDENTITY[sdk=iphoneos*]" = "iPhone Developer";
				COPY_PHASE_STRIP = YES;
				ENABLE_NS_ASSERTIONS = NO;
				GCC_C_LANGUAGE_STANDARD = gnu99;
				GCC_WARN_64_TO_32_BIT_CONVERSION = YES;
				GCC_WARN_ABOUT_RETURN_TYPE = YES_ERROR;
				GCC_WARN_UNDECLARED_SELECTOR = YES;
				GCC_WARN_UNINITIALIZED_AUTOS = YES;
				GCC_WARN_UNUSED_FUNCTION = YES;
				GCC_WARN_UNUSED_VARIABLE = YES;
				IPHONEOS_DEPLOYMENT_TARGET = 7.0;
				SDKROOT = iphoneos;
				VALIDATE_PRODUCT = YES;
			};
			name = Release;
		};
		D105FC871834E212005E9C63 /* Debug */ = {
			isa = XCBuildConfiguration;
			buildSettings = {
				ASSETCATALOG_COMPILER_APPICON_NAME = AppIcon;
				ASSETCATALOG_COMPILER_LAUNCHIMAGE_NAME = LaunchImage;
				GCC_PRECOMPILE_PREFIX_HEADER = YES;
				GCC_PREFIX_HEADER = "UITableViewController Challenge Solution/UITableViewController Challenge Solution-Prefix.pch";
				INFOPLIST_FILE = "UITableViewController Challenge Solution/UITableViewController Challenge Solution-Info.plist";
				PRODUCT_NAME = "$(TARGET_NAME)";
				WRAPPER_EXTENSION = app;
			};
			name = Debug;
		};
		D105FC881834E212005E9C63 /* Release */ = {
			isa = XCBuildConfiguration;
			buildSettings = {
				ASSETCATALOG_COMPILER_APPICON_NAME = AppIcon;
				ASSETCATALOG_COMPILER_LAUNCHIMAGE_NAME = LaunchImage;
				GCC_PRECOMPILE_PREFIX_HEADER = YES;
				GCC_PREFIX_HEADER = "UITableViewController Challenge Solution/UITableViewController Challenge Solution-Prefix.pch";
				INFOPLIST_FILE = "UITableViewController Challenge Solution/UITableViewController Challenge Solution-Info.plist";
				PRODUCT_NAME = "$(TARGET_NAME)";
				WRAPPER_EXTENSION = app;
			};
			name = Release;
		};
		D105FC8A1834E212005E9C63 /* Debug */ = {
			isa = XCBuildConfiguration;
			buildSettings = {
				ARCHS = "$(ARCHS_STANDARD_INCLUDING_64_BIT)";
				BUNDLE_LOADER = "$(BUILT_PRODUCTS_DIR)/UITableViewController Challenge Solution.app/UITableViewController Challenge Solution";
				FRAMEWORK_SEARCH_PATHS = (
					"$(SDKROOT)/Developer/Library/Frameworks",
					"$(inherited)",
					"$(DEVELOPER_FRAMEWORKS_DIR)",
				);
				GCC_PRECOMPILE_PREFIX_HEADER = YES;
				GCC_PREFIX_HEADER = "UITableViewController Challenge Solution/UITableViewController Challenge Solution-Prefix.pch";
				GCC_PREPROCESSOR_DEFINITIONS = (
					"DEBUG=1",
					"$(inherited)",
				);
				INFOPLIST_FILE = "UITableViewController Challenge SolutionTests/UITableViewController Challenge SolutionTests-Info.plist";
				PRODUCT_NAME = "$(TARGET_NAME)";
				TEST_HOST = "$(BUNDLE_LOADER)";
				WRAPPER_EXTENSION = xctest;
			};
			name = Debug;
		};
		D105FC8B1834E212005E9C63 /* Release */ = {
			isa = XCBuildConfiguration;
			buildSettings = {
				ARCHS = "$(ARCHS_STANDARD_INCLUDING_64_BIT)";
				BUNDLE_LOADER = "$(BUILT_PRODUCTS_DIR)/UITableViewController Challenge Solution.app/UITableViewController Challenge Solution";
				FRAMEWORK_SEARCH_PATHS = (
					"$(SDKROOT)/Developer/Library/Frameworks",
					"$(inherited)",
					"$(DEVELOPER_FRAMEWORKS_DIR)",
				);
				GCC_PRECOMPILE_PREFIX_HEADER = YES;
				GCC_PREFIX_HEADER = "UITableViewController Challenge Solution/UITableViewController Challenge Solution-Prefix.pch";
				INFOPLIST_FILE = "UITableViewController Challenge SolutionTests/UITableViewController Challenge SolutionTests-Info.plist";
				PRODUCT_NAME = "$(TARGET_NAME)";
				TEST_HOST = "$(BUNDLE_LOADER)";
				WRAPPER_EXTENSION = xctest;
			};
			name = Release;
		};
/* End XCBuildConfiguration section */

/* Begin XCConfigurationList section */
		D105FC4F1834E212005E9C63 /* Build configuration list for PBXProject "UITableViewController Challenge Solution" */ = {
			isa = XCConfigurationList;
			buildConfigurations = (
				D105FC841834E212005E9C63 /* Debug */,
				D105FC851834E212005E9C63 /* Release */,
			);
			defaultConfigurationIsVisible = 0;
			defaultConfigurationName = Release;
		};
		D105FC861834E212005E9C63 /* Build configuration list for PBXNativeTarget "UITableViewController Challenge Solution" */ = {
			isa = XCConfigurationList;
			buildConfigurations = (
				D105FC871834E212005E9C63 /* Debug */,
				D105FC881834E212005E9C63 /* Release */,
			);
			defaultConfigurationIsVisible = 0;
		};
		D105FC891834E212005E9C63 /* Build configuration list for PBXNativeTarget "UITableViewController Challenge SolutionTests" */ = {
			isa = XCConfigurationList;
			buildConfigurations = (
				D105FC8A1834E212005E9C63 /* Debug */,
				D105FC8B1834E212005E9C63 /* Release */,
			);
			defaultConfigurationIsVisible = 0;
		};
/* End XCConfigurationList section */
	};
	rootObject = D105FC4C1834E212005E9C63 /* Project object */;
}
